// !$*UTF8*$!
{
	archiveVersion = 1;
	classes = {
	};
	objectVersion = 48;
	objects = {

/* Begin PBXBuildFile section */
		4C238D5D20B205860046707E /* ViewController.mm in Sources */ = {isa = PBXBuildFile; fileRef = 4C238D5B20B205850046707E /* ViewController.mm */; };
		4C238D5E20B205DB0046707E /* blocks.png in Resources */ = {isa = PBXBuildFile; fileRef = 4C238D5A20B204B00046707E /* blocks.png */; };
		4C5F5FBF20B8C15400077F22 /* test1.jpg in Resources */ = {isa = PBXBuildFile; fileRef = 4C5F5FBE20B8C0FC00077F22 /* test1.jpg */; };
		4C5F5FC020B8C15700077F22 /* test2.jpg in Resources */ = {isa = PBXBuildFile; fileRef = 4C5F5FBD20B8C0FC00077F22 /* test2.jpg */; };
		4CCF8B6620B1F0A8003D3E61 /* AppDelegate.m in Sources */ = {isa = PBXBuildFile; fileRef = 4CCF8B6520B1F0A8003D3E61 /* AppDelegate.m */; };
		4CCF8B6C20B1F0A8003D3E61 /* Main.storyboard in Resources */ = {isa = PBXBuildFile; fileRef = 4CCF8B6A20B1F0A8003D3E61 /* Main.storyboard */; };
		4CCF8B6E20B1F0A8003D3E61 /* Assets.xcassets in Resources */ = {isa = PBXBuildFile; fileRef = 4CCF8B6D20B1F0A8003D3E61 /* Assets.xcassets */; };
		4CCF8B7120B1F0A8003D3E61 /* LaunchScreen.storyboard in Resources */ = {isa = PBXBuildFile; fileRef = 4CCF8B6F20B1F0A8003D3E61 /* LaunchScreen.storyboard */; };
		4CCF8B7420B1F0A8003D3E61 /* main.m in Sources */ = {isa = PBXBuildFile; fileRef = 4CCF8B7320B1F0A8003D3E61 /* main.m */; };
		B362047706BD9CCDB642A445 /* libPods-ColourBounder.a in Frameworks */ = {isa = PBXBuildFile; fileRef = EC1BEA257FBCBA0C9F649F05 /* libPods-ColourBounder.a */; };
/* End PBXBuildFile section */

/* Begin PBXFileReference section */
		408BE0611668E19335577073 /* Pods-ColourBounder.release.xcconfig */ = {isa = PBXFileReference; includeInIndex = 1; lastKnownFileType = text.xcconfig; name = "Pods-ColourBounder.release.xcconfig"; path = "Pods/Target Support Files/Pods-ColourBounder/Pods-ColourBounder.release.xcconfig"; sourceTree = "<group>"; };
		4AD0F00895FEE16C6930F72E /* Pods-ColourBounder.debug.xcconfig */ = {isa = PBXFileReference; includeInIndex = 1; lastKnownFileType = text.xcconfig; name = "Pods-ColourBounder.debug.xcconfig"; path = "Pods/Target Support Files/Pods-ColourBounder/Pods-ColourBounder.debug.xcconfig"; sourceTree = "<group>"; };
		4C238D5A20B204B00046707E /* blocks.png */ = {isa = PBXFileReference; lastKnownFileType = image.png; path = blocks.png; sourceTree = "<group>"; };
		4C238D5B20B205850046707E /* ViewController.mm */ = {isa = PBXFileReference; lastKnownFileType = sourcecode.cpp.objcpp; path = ViewController.mm; sourceTree = "<group>"; };
		4C238D5C20B205850046707E /* ViewController.h */ = {isa = PBXFileReference; lastKnownFileType = sourcecode.c.h; path = ViewController.h; sourceTree = "<group>"; };
		4C5F5FBD20B8C0FC00077F22 /* test2.jpg */ = {isa = PBXFileReference; lastKnownFileType = image.jpeg; path = test2.jpg; sourceTree = "<group>"; };
		4C5F5FBE20B8C0FC00077F22 /* test1.jpg */ = {isa = PBXFileReference; lastKnownFileType = image.jpeg; path = test1.jpg; sourceTree = "<group>"; };
		4CCF8B6120B1F0A8003D3E61 /* ColourBounder.app */ = {isa = PBXFileReference; explicitFileType = wrapper.application; includeInIndex = 0; path = ColourBounder.app; sourceTree = BUILT_PRODUCTS_DIR; };
		4CCF8B6420B1F0A8003D3E61 /* AppDelegate.h */ = {isa = PBXFileReference; lastKnownFileType = sourcecode.c.h; path = AppDelegate.h; sourceTree = "<group>"; };
		4CCF8B6520B1F0A8003D3E61 /* AppDelegate.m */ = {isa = PBXFileReference; lastKnownFileType = sourcecode.c.objc; path = AppDelegate.m; sourceTree = "<group>"; };
		4CCF8B6B20B1F0A8003D3E61 /* Base */ = {isa = PBXFileReference; lastKnownFileType = file.storyboard; name = Base; path = Base.lproj/Main.storyboard; sourceTree = "<group>"; };
		4CCF8B6D20B1F0A8003D3E61 /* Assets.xcassets */ = {isa = PBXFileReference; lastKnownFileType = folder.assetcatalog; path = Assets.xcassets; sourceTree = "<group>"; };
		4CCF8B7020B1F0A8003D3E61 /* Base */ = {isa = PBXFileReference; lastKnownFileType = file.storyboard; name = Base; path = Base.lproj/LaunchScreen.storyboard; sourceTree = "<group>"; };
		4CCF8B7220B1F0A8003D3E61 /* Info.plist */ = {isa = PBXFileReference; lastKnownFileType = text.plist.xml; path = Info.plist; sourceTree = "<group>"; };
		4CCF8B7320B1F0A8003D3E61 /* main.m */ = {isa = PBXFileReference; lastKnownFileType = sourcecode.c.objc; path = main.m; sourceTree = "<group>"; };
		4CCF8B7B20B1F1D6003D3E61 /* OpencvTest-Prefix.pch */ = {isa = PBXFileReference; lastKnownFileType = sourcecode.c.h; name = "OpencvTest-Prefix.pch"; path = "ColourBounder/OpencvTest-Prefix.pch"; sourceTree = SOURCE_ROOT; };
		EC1BEA257FBCBA0C9F649F05 /* libPods-ColourBounder.a */ = {isa = PBXFileReference; explicitFileType = archive.ar; includeInIndex = 0; path = "libPods-ColourBounder.a"; sourceTree = BUILT_PRODUCTS_DIR; };
/* End PBXFileReference section */

/* Begin PBXFrameworksBuildPhase section */
		4CCF8B5E20B1F0A8003D3E61 /* Frameworks */ = {
			isa = PBXFrameworksBuildPhase;
			buildActionMask = 2147483647;
			files = (
				B362047706BD9CCDB642A445 /* libPods-ColourBounder.a in Frameworks */,
			);
			runOnlyForDeploymentPostprocessing = 0;
		};
/* End PBXFrameworksBuildPhase section */

/* Begin PBXGroup section */
		238A08939A8ADA85709FB3B2 /* Frameworks */ = {
			isa = PBXGroup;
			children = (
				EC1BEA257FBCBA0C9F649F05 /* libPods-ColourBounder.a */,
			);
			name = Frameworks;
			sourceTree = "<group>";
		};
		4C238D5920B204B00046707E /* Images */ = {
			isa = PBXGroup;
			children = (
				4C5F5FBE20B8C0FC00077F22 /* test1.jpg */,
				4C5F5FBD20B8C0FC00077F22 /* test2.jpg */,
				4C238D5A20B204B00046707E /* blocks.png */,
			);
			path = Images;
			sourceTree = "<group>";
		};
		4CCF8B5820B1F0A8003D3E61 = {
			isa = PBXGroup;
			children = (
				4CCF8B6320B1F0A8003D3E61 /* ColourBounder */,
				4CCF8B6220B1F0A8003D3E61 /* Products */,
				92C33374F5289AF07CA5F714 /* Pods */,
				238A08939A8ADA85709FB3B2 /* Frameworks */,
			);
			sourceTree = "<group>";
		};
		4CCF8B6220B1F0A8003D3E61 /* Products */ = {
			isa = PBXGroup;
			children = (
				4CCF8B6120B1F0A8003D3E61 /* ColourBounder.app */,
			);
			name = Products;
			sourceTree = "<group>";
		};
		4CCF8B6320B1F0A8003D3E61 /* ColourBounder */ = {
			isa = PBXGroup;
			children = (
				4CCF8B6420B1F0A8003D3E61 /* AppDelegate.h */,
				4CCF8B6520B1F0A8003D3E61 /* AppDelegate.m */,
				4C238D5C20B205850046707E /* ViewController.h */,
				4C238D5B20B205850046707E /* ViewController.mm */,
				4CCF8B6A20B1F0A8003D3E61 /* Main.storyboard */,
				4CCF8B6D20B1F0A8003D3E61 /* Assets.xcassets */,
				4CCF8B6F20B1F0A8003D3E61 /* LaunchScreen.storyboard */,
				4CCF8B7220B1F0A8003D3E61 /* Info.plist */,
				4CCF8B7320B1F0A8003D3E61 /* main.m */,
				4CCF8B7A20B1F1C4003D3E61 /* Supporting Files */,
			);
			path = ColourBounder;
			sourceTree = "<group>";
		};
		4CCF8B7A20B1F1C4003D3E61 /* Supporting Files */ = {
			isa = PBXGroup;
			children = (
				4C238D5920B204B00046707E /* Images */,
				4CCF8B7B20B1F1D6003D3E61 /* OpencvTest-Prefix.pch */,
			);
			path = "Supporting Files";
			sourceTree = "<group>";
		};
		92C33374F5289AF07CA5F714 /* Pods */ = {
			isa = PBXGroup;
			children = (
				4AD0F00895FEE16C6930F72E /* Pods-ColourBounder.debug.xcconfig */,
				408BE0611668E19335577073 /* Pods-ColourBounder.release.xcconfig */,
			);
			name = Pods;
			sourceTree = "<group>";
		};
/* End PBXGroup section */

/* Begin PBXNativeTarget section */
		4CCF8B6020B1F0A8003D3E61 /* ColourBounder */ = {
			isa = PBXNativeTarget;
			buildConfigurationList = 4CCF8B7720B1F0A8003D3E61 /* Build configuration list for PBXNativeTarget "ColourBounder" */;
			buildPhases = (
				BD9245EBB76353A8F4452FAD /* [CP] Check Pods Manifest.lock */,
				4CCF8B5D20B1F0A8003D3E61 /* Sources */,
				4CCF8B5E20B1F0A8003D3E61 /* Frameworks */,
				4CCF8B5F20B1F0A8003D3E61 /* Resources */,
				A538B1BE5E5B70CDB2166413 /* [CP] Embed Pods Frameworks */,
				493F3CCF16DA55D95C811D37 /* [CP] Copy Pods Resources */,
			);
			buildRules = (
			);
			dependencies = (
			);
			name = ColourBounder;
			productName = ColourBounder;
			productReference = 4CCF8B6120B1F0A8003D3E61 /* ColourBounder.app */;
			productType = "com.apple.product-type.application";
		};
/* End PBXNativeTarget section */

/* Begin PBXProject section */
		4CCF8B5920B1F0A8003D3E61 /* Project object */ = {
			isa = PBXProject;
			attributes = {
				LastUpgradeCheck = 0900;
				ORGANIZATIONNAME = "Odie Edo-Osagie";
				TargetAttributes = {
					4CCF8B6020B1F0A8003D3E61 = {
						CreatedOnToolsVersion = 9.0;
						ProvisioningStyle = Automatic;
					};
				};
			};
			buildConfigurationList = 4CCF8B5C20B1F0A8003D3E61 /* Build configuration list for PBXProject "ColourBounder" */;
			compatibilityVersion = "Xcode 8.0";
			developmentRegion = en;
			hasScannedForEncodings = 0;
			knownRegions = (
				en,
				Base,
			);
			mainGroup = 4CCF8B5820B1F0A8003D3E61;
			productRefGroup = 4CCF8B6220B1F0A8003D3E61 /* Products */;
			projectDirPath = "";
			projectRoot = "";
			targets = (
				4CCF8B6020B1F0A8003D3E61 /* ColourBounder */,
			);
		};
/* End PBXProject section */

/* Begin PBXResourcesBuildPhase section */
		4CCF8B5F20B1F0A8003D3E61 /* Resources */ = {
			isa = PBXResourcesBuildPhase;
			buildActionMask = 2147483647;
			files = (
				4CCF8B7120B1F0A8003D3E61 /* LaunchScreen.storyboard in Resources */,
				4CCF8B6E20B1F0A8003D3E61 /* Assets.xcassets in Resources */,
				4C5F5FC020B8C15700077F22 /* test2.jpg in Resources */,
				4CCF8B6C20B1F0A8003D3E61 /* Main.storyboard in Resources */,
				4C5F5FBF20B8C15400077F22 /* test1.jpg in Resources */,
				4C238D5E20B205DB0046707E /* blocks.png in Resources */,
			);
			runOnlyForDeploymentPostprocessing = 0;
		};
/* End PBXResourcesBuildPhase section */

/* Begin PBXShellScriptBuildPhase section */
		493F3CCF16DA55D95C811D37 /* [CP] Copy Pods Resources */ = {
			isa = PBXShellScriptBuildPhase;
			buildActionMask = 2147483647;
			files = (
			);
			inputPaths = (
			);
			name = "[CP] Copy Pods Resources";
			outputPaths = (
			);
			runOnlyForDeploymentPostprocessing = 0;
			shellPath = /bin/sh;
			shellScript = "\"${SRCROOT}/Pods/Target Support Files/Pods-ColourBounder/Pods-ColourBounder-resources.sh\"\n";
			showEnvVarsInLog = 0;
		};
		A538B1BE5E5B70CDB2166413 /* [CP] Embed Pods Frameworks */ = {
			isa = PBXShellScriptBuildPhase;
			buildActionMask = 2147483647;
			files = (
			);
			inputPaths = (
			);
			name = "[CP] Embed Pods Frameworks";
			outputPaths = (
			);
			runOnlyForDeploymentPostprocessing = 0;
			shellPath = /bin/sh;
			shellScript = "\"${SRCROOT}/Pods/Target Support Files/Pods-ColourBounder/Pods-ColourBounder-frameworks.sh\"\n";
			showEnvVarsInLog = 0;
		};
		BD9245EBB76353A8F4452FAD /* [CP] Check Pods Manifest.lock */ = {
			isa = PBXShellScriptBuildPhase;
			buildActionMask = 2147483647;
			files = (
			);
			inputPaths = (
				"${PODS_PODFILE_DIR_PATH}/Podfile.lock",
				"${PODS_ROOT}/Manifest.lock",
			);
			name = "[CP] Check Pods Manifest.lock";
			outputPaths = (
				"$(DERIVED_FILE_DIR)/Pods-ColourBounder-checkManifestLockResult.txt",
			);
			runOnlyForDeploymentPostprocessing = 0;
			shellPath = /bin/sh;
			shellScript = "diff \"${PODS_PODFILE_DIR_PATH}/Podfile.lock\" \"${PODS_ROOT}/Manifest.lock\" > /dev/null\nif [ $? != 0 ] ; then\n    # print error to STDERR\n    echo \"error: The sandbox is not in sync with the Podfile.lock. Run 'pod install' or update your CocoaPods installation.\" >&2\n    exit 1\nfi\n# This output is used by Xcode 'outputs' to avoid re-running this script phase.\necho \"SUCCESS\" > \"${SCRIPT_OUTPUT_FILE_0}\"\n";
			showEnvVarsInLog = 0;
		};
/* End PBXShellScriptBuildPhase section */

/* Begin PBXSourcesBuildPhase section */
		4CCF8B5D20B1F0A8003D3E61 /* Sources */ = {
			isa = PBXSourcesBuildPhase;
			buildActionMask = 2147483647;
			files = (
				4CCF8B7420B1F0A8003D3E61 /* main.m in Sources */,
				4CCF8B6620B1F0A8003D3E61 /* AppDelegate.m in Sources */,
				4C238D5D20B205860046707E /* ViewController.mm in Sources */,
			);
			runOnlyForDeploymentPostprocessing = 0;
		};
/* End PBXSourcesBuildPhase section */

/* Begin PBXVariantGroup section */
		4CCF8B6A20B1F0A8003D3E61 /* Main.storyboard */ = {
			isa = PBXVariantGroup;
			children = (
				4CCF8B6B20B1F0A8003D3E61 /* Base */,
			);
			name = Main.storyboard;
			sourceTree = "<group>";
		};
		4CCF8B6F20B1F0A8003D3E61 /* LaunchScreen.storyboard */ = {
			isa = PBXVariantGroup;
			children = (
				4CCF8B7020B1F0A8003D3E61 /* Base */,
			);
			name = LaunchScreen.storyboard;
			sourceTree = "<group>";
		};
/* End PBXVariantGroup section */

/* Begin XCBuildConfiguration section */
		4CCF8B7520B1F0A8003D3E61 /* Debug */ = {
			isa = XCBuildConfiguration;
			buildSettings = {
				ALWAYS_SEARCH_USER_PATHS = NO;
				CLANG_ANALYZER_NONNULL = YES;
				CLANG_ANALYZER_NUMBER_OBJECT_CONVERSION = YES_AGGRESSIVE;
				CLANG_CXX_LANGUAGE_STANDARD = "gnu++14";
				CLANG_CXX_LIBRARY = "libc++";
				CLANG_ENABLE_MODULES = YES;
				CLANG_ENABLE_OBJC_ARC = YES;
				CLANG_WARN_BLOCK_CAPTURE_AUTORELEASING = YES;
				CLANG_WARN_BOOL_CONVERSION = YES;
				CLANG_WARN_COMMA = YES;
				CLANG_WARN_CONSTANT_CONVERSION = YES;
				CLANG_WARN_DIRECT_OBJC_ISA_USAGE = YES_ERROR;
				CLANG_WARN_DOCUMENTATION_COMMENTS = YES;
				CLANG_WARN_EMPTY_BODY = YES;
				CLANG_WARN_ENUM_CONVERSION = YES;
				CLANG_WARN_INFINITE_RECURSION = YES;
				CLANG_WARN_INT_CONVERSION = YES;
				CLANG_WARN_NON_LITERAL_NULL_CONVERSION = YES;
				CLANG_WARN_OBJC_LITERAL_CONVERSION = YES;
				CLANG_WARN_OBJC_ROOT_CLASS = YES_ERROR;
				CLANG_WARN_RANGE_LOOP_ANALYSIS = YES;
				CLANG_WARN_STRICT_PROTOTYPES = YES;
				CLANG_WARN_SUSPICIOUS_MOVE = YES;
				CLANG_WARN_UNGUARDED_AVAILABILITY = YES_AGGRESSIVE;
				CLANG_WARN_UNREACHABLE_CODE = YES;
				CLANG_WARN__DUPLICATE_METHOD_MATCH = YES;
				CODE_SIGN_IDENTITY = "iPhone Developer";
				COPY_PHASE_STRIP = NO;
				DEBUG_INFORMATION_FORMAT = dwarf;
				ENABLE_STRICT_OBJC_MSGSEND = YES;
				ENABLE_TESTABILITY = YES;
				GCC_C_LANGUAGE_STANDARD = gnu11;
				GCC_DYNAMIC_NO_PIC = NO;
				GCC_NO_COMMON_BLOCKS = YES;
				GCC_OPTIMIZATION_LEVEL = 0;
				GCC_PREPROCESSOR_DEFINITIONS = (
					"DEBUG=1",
					"$(inherited)",
				);
				GCC_WARN_64_TO_32_BIT_CONVERSION = YES;
				GCC_WARN_ABOUT_RETURN_TYPE = YES_ERROR;
				GCC_WARN_UNDECLARED_SELECTOR = YES;
				GCC_WARN_UNINITIALIZED_AUTOS = YES_AGGRESSIVE;
				GCC_WARN_UNUSED_FUNCTION = YES;
				GCC_WARN_UNUSED_VARIABLE = YES;
				IPHONEOS_DEPLOYMENT_TARGET = 11.0;
				MTL_ENABLE_DEBUG_INFO = YES;
				ONLY_ACTIVE_ARCH = YES;
				SDKROOT = iphoneos;
			};
			name = Debug;
		};
		4CCF8B7620B1F0A8003D3E61 /* Release */ = {
			isa = XCBuildConfiguration;
			buildSettings = {
				ALWAYS_SEARCH_USER_PATHS = NO;
				CLANG_ANALYZER_NONNULL = YES;
				CLANG_ANALYZER_NUMBER_OBJECT_CONVERSION = YES_AGGRESSIVE;
				CLANG_CXX_LANGUAGE_STANDARD = "gnu++14";
				CLANG_CXX_LIBRARY = "libc++";
				CLANG_ENABLE_MODULES = YES;
				CLANG_ENABLE_OBJC_ARC = YES;
				CLANG_WARN_BLOCK_CAPTURE_AUTORELEASING = YES;
				CLANG_WARN_BOOL_CONVERSION = YES;
				CLANG_WARN_COMMA = YES;
				CLANG_WARN_CONSTANT_CONVERSION = YES;
				CLANG_WARN_DIRECT_OBJC_ISA_USAGE = YES_ERROR;
				CLANG_WARN_DOCUMENTATION_COMMENTS = YES;
				CLANG_WARN_EMPTY_BODY = YES;
				CLANG_WARN_ENUM_CONVERSION = YES;
				CLANG_WARN_INFINITE_RECURSION = YES;
				CLANG_WARN_INT_CONVERSION = YES;
				CLANG_WARN_NON_LITERAL_NULL_CONVERSION = YES;
				CLANG_WARN_OBJC_LITERAL_CONVERSION = YES;
				CLANG_WARN_OBJC_ROOT_CLASS = YES_ERROR;
				CLANG_WARN_RANGE_LOOP_ANALYSIS = YES;
				CLANG_WARN_STRICT_PROTOTYPES = YES;
				CLANG_WARN_SUSPICIOUS_MOVE = YES;
				CLANG_WARN_UNGUARDED_AVAILABILITY = YES_AGGRESSIVE;
				CLANG_WARN_UNREACHABLE_CODE = YES;
				CLANG_WARN__DUPLICATE_METHOD_MATCH = YES;
				CODE_SIGN_IDENTITY = "iPhone Developer";
				COPY_PHASE_STRIP = NO;
				DEBUG_INFORMATION_FORMAT = "dwarf-with-dsym";
				ENABLE_NS_ASSERTIONS = NO;
				ENABLE_STRICT_OBJC_MSGSEND = YES;
				GCC_C_LANGUAGE_STANDARD = gnu11;
				GCC_NO_COMMON_BLOCKS = YES;
				GCC_WARN_64_TO_32_BIT_CONVERSION = YES;
				GCC_WARN_ABOUT_RETURN_TYPE = YES_ERROR;
				GCC_WARN_UNDECLARED_SELECTOR = YES;
				GCC_WARN_UNINITIALIZED_AUTOS = YES_AGGRESSIVE;
				GCC_WARN_UNUSED_FUNCTION = YES;
				GCC_WARN_UNUSED_VARIABLE = YES;
				IPHONEOS_DEPLOYMENT_TARGET = 11.0;
				MTL_ENABLE_DEBUG_INFO = NO;
				SDKROOT = iphoneos;
				VALIDATE_PRODUCT = YES;
			};
			name = Release;
		};
		4CCF8B7820B1F0A8003D3E61 /* Debug */ = {
			isa = XCBuildConfiguration;
			baseConfigurationReference = 4AD0F00895FEE16C6930F72E /* Pods-ColourBounder.debug.xcconfig */;
			buildSettings = {
				ASSETCATALOG_COMPILER_APPICON_NAME = AppIcon;
				CODE_SIGN_STYLE = Automatic;
				DEVELOPMENT_TEAM = 6RYY7Q2BG3;
				INFOPLIST_FILE = ColourBounder/Info.plist;
				IPHONEOS_DEPLOYMENT_TARGET = 10.0;
				LD_RUNPATH_SEARCH_PATHS = "$(inherited) @executable_path/Frameworks";
				PRODUCT_BUNDLE_IDENTIFIER = com.odie.ColourBounder;
				PRODUCT_NAME = "$(TARGET_NAME)";
				TARGETED_DEVICE_FAMILY = "1,2";
			};
			name = Debug;
		};
		4CCF8B7920B1F0A8003D3E61 /* Release */ = {
			isa = XCBuildConfiguration;
			baseConfigurationReference = 408BE0611668E19335577073 /* Pods-ColourBounder.release.xcconfig */;
			buildSettings = {
				ASSETCATALOG_COMPILER_APPICON_NAME = AppIcon;
				CODE_SIGN_STYLE = Automatic;
				DEVELOPMENT_TEAM = 6RYY7Q2BG3;
				INFOPLIST_FILE = ColourBounder/Info.plist;
				IPHONEOS_DEPLOYMENT_TARGET = 10.0;
				LD_RUNPATH_SEARCH_PATHS = "$(inherited) @executable_path/Frameworks";
				PRODUCT_BUNDLE_IDENTIFIER = com.odie.ColourBounder;
				PRODUCT_NAME = "$(TARGET_NAME)";
				TARGETED_DEVICE_FAMILY = "1,2";
			};
			name = Release;
		};
/* End XCBuildConfiguration section */

/* Begin XCConfigurationList section */
		4CCF8B5C20B1F0A8003D3E61 /* Build configuration list for PBXProject "ColourBounder" */ = {
			isa = XCConfigurationList;
			buildConfigurations = (
				4CCF8B7520B1F0A8003D3E61 /* Debug */,
				4CCF8B7620B1F0A8003D3E61 /* Release */,
			);
			defaultConfigurationIsVisible = 0;
			defaultConfigurationName = Release;
		};
		4CCF8B7720B1F0A8003D3E61 /* Build configuration list for PBXNativeTarget "ColourBounder" */ = {
			isa = XCConfigurationList;
			buildConfigurations = (
				4CCF8B7820B1F0A8003D3E61 /* Debug */,
				4CCF8B7920B1F0A8003D3E61 /* Release */,
			);
			defaultConfigurationIsVisible = 0;
			defaultConfigurationName = Release;
		};
/* End XCConfigurationList section */
	};
	rootObject = 4CCF8B5920B1F0A8003D3E61 /* Project object */;
}
