// !$*UTF8*$!
{
	archiveVersion = 1;
	classes = {
	};
	objectVersion = 46;
	objects = {

/* Begin PBXBuildFile section */
		162E67F015C0A5370F6F8487 /* libPods-OpencvTest.a in Frameworks */ = {isa = PBXBuildFile; fileRef = E8D7ADDA11606A3E860D5B93 /* libPods-OpencvTest.a */; };
		4C18ADF81F68915800F42A7E /* main.m in Sources */ = {isa = PBXBuildFile; fileRef = 4C18ADF71F68915800F42A7E /* main.m */; };
		4C18ADFB1F68915800F42A7E /* AppDelegate.m in Sources */ = {isa = PBXBuildFile; fileRef = 4C18ADFA1F68915800F42A7E /* AppDelegate.m */; };
		4C18ADFE1F68915800F42A7E /* ViewController.mm in Sources */ = {isa = PBXBuildFile; fileRef = 4C18ADFD1F68915800F42A7E /* ViewController.mm */; };
		4C18AE011F68915800F42A7E /* Main.storyboard in Resources */ = {isa = PBXBuildFile; fileRef = 4C18ADFF1F68915800F42A7E /* Main.storyboard */; };
		4C18AE031F68915800F42A7E /* Assets.xcassets in Resources */ = {isa = PBXBuildFile; fileRef = 4C18AE021F68915800F42A7E /* Assets.xcassets */; };
		4C18AE061F68915800F42A7E /* LaunchScreen.storyboard in Resources */ = {isa = PBXBuildFile; fileRef = 4C18AE041F68915800F42A7E /* LaunchScreen.storyboard */; };
		4C18AE0E1F6891C500F42A7E /* AssetsLibrary.framework in Frameworks */ = {isa = PBXBuildFile; fileRef = 4C18AE0D1F6891C500F42A7E /* AssetsLibrary.framework */; };
		4C18AE121F68967200F42A7E /* test1.jpg in Resources */ = {isa = PBXBuildFile; fileRef = 4C18AE111F68967200F42A7E /* test1.jpg */; };
		4C287E871F6ED47000F81C30 /* face9.jpg in Resources */ = {isa = PBXBuildFile; fileRef = 4C287E841F6ED47000F81C30 /* face9.jpg */; };
		4C287E881F6ED47000F81C30 /* face10.jpg in Resources */ = {isa = PBXBuildFile; fileRef = 4C287E851F6ED47000F81C30 /* face10.jpg */; };
		4C287E891F6ED47000F81C30 /* face8.jpg in Resources */ = {isa = PBXBuildFile; fileRef = 4C287E861F6ED47000F81C30 /* face8.jpg */; };
		4C287E8B1F6EDC6700F81C30 /* face11.jpg in Resources */ = {isa = PBXBuildFile; fileRef = 4C287E8A1F6EDC6700F81C30 /* face11.jpg */; };
		4C47DE5E1F6C9DA700BAF5A1 /* face1.jpg in Resources */ = {isa = PBXBuildFile; fileRef = 4C47DE5D1F6C9DA700BAF5A1 /* face1.jpg */; };
		4C73911D1F6D813C004E58B5 /* haarcascade_frontalface_alt.xml in Resources */ = {isa = PBXBuildFile; fileRef = 4C7391151F6D813C004E58B5 /* haarcascade_frontalface_alt.xml */; };
		4C73911E1F6D813C004E58B5 /* haarcascade_frontalface_alt2.xml in Resources */ = {isa = PBXBuildFile; fileRef = 4C7391161F6D813C004E58B5 /* haarcascade_frontalface_alt2.xml */; };
		4C73911F1F6D813C004E58B5 /* haarcascade_frontalface_alt_tree.xml in Resources */ = {isa = PBXBuildFile; fileRef = 4C7391171F6D813C004E58B5 /* haarcascade_frontalface_alt_tree.xml */; };
		4C7391201F6D813C004E58B5 /* haarcascade_frontalface_default.xml in Resources */ = {isa = PBXBuildFile; fileRef = 4C7391181F6D813C004E58B5 /* haarcascade_frontalface_default.xml */; };
		4C7391211F6D813C004E58B5 /* haarcascade_fullbody.xml in Resources */ = {isa = PBXBuildFile; fileRef = 4C7391191F6D813C004E58B5 /* haarcascade_fullbody.xml */; };
		4C7391221F6D813C004E58B5 /* haarcascade_lowerbody.xml in Resources */ = {isa = PBXBuildFile; fileRef = 4C73911A1F6D813C004E58B5 /* haarcascade_lowerbody.xml */; };
		4C7391231F6D813C004E58B5 /* haarcascade_profileface.xml in Resources */ = {isa = PBXBuildFile; fileRef = 4C73911B1F6D813C004E58B5 /* haarcascade_profileface.xml */; };
		4C7391241F6D813C004E58B5 /* haarcascade_upperbody.xml in Resources */ = {isa = PBXBuildFile; fileRef = 4C73911C1F6D813C004E58B5 /* haarcascade_upperbody.xml */; };
		4C7391291F6D878E004E58B5 /* face5.jpg in Resources */ = {isa = PBXBuildFile; fileRef = 4C7391251F6D878E004E58B5 /* face5.jpg */; };
		4C73912A1F6D878E004E58B5 /* face4.jpg in Resources */ = {isa = PBXBuildFile; fileRef = 4C7391261F6D878E004E58B5 /* face4.jpg */; };
		4C73912B1F6D878E004E58B5 /* face3.jpg in Resources */ = {isa = PBXBuildFile; fileRef = 4C7391271F6D878E004E58B5 /* face3.jpg */; };
		4C73912C1F6D878E004E58B5 /* face2.jpg in Resources */ = {isa = PBXBuildFile; fileRef = 4C7391281F6D878E004E58B5 /* face2.jpg */; };
		4C73912E1F6DB938004E58B5 /* face6.jpg in Resources */ = {isa = PBXBuildFile; fileRef = 4C73912D1F6DB938004E58B5 /* face6.jpg */; };
		4C7391301F6DBA08004E58B5 /* face7.jpg in Resources */ = {isa = PBXBuildFile; fileRef = 4C73912F1F6DBA08004E58B5 /* face7.jpg */; };
		4C7391321F6DC78C004E58B5 /* face5_hd.jpg in Resources */ = {isa = PBXBuildFile; fileRef = 4C7391311F6DC78C004E58B5 /* face5_hd.jpg */; };
		4CE5E72C1F85B57200120007 /* face12.jpg in Resources */ = {isa = PBXBuildFile; fileRef = 4CE5E72B1F85B41800120007 /* face12.jpg */; };
/* End PBXBuildFile section */

/* Begin PBXFileReference section */
		4C18ADF31F68915800F42A7E /* OpencvTest.app */ = {isa = PBXFileReference; explicitFileType = wrapper.application; includeInIndex = 0; path = OpencvTest.app; sourceTree = BUILT_PRODUCTS_DIR; };
		4C18ADF71F68915800F42A7E /* main.m */ = {isa = PBXFileReference; lastKnownFileType = sourcecode.c.objc; path = main.m; sourceTree = "<group>"; };
		4C18ADF91F68915800F42A7E /* AppDelegate.h */ = {isa = PBXFileReference; lastKnownFileType = sourcecode.c.h; path = AppDelegate.h; sourceTree = "<group>"; };
		4C18ADFA1F68915800F42A7E /* AppDelegate.m */ = {isa = PBXFileReference; lastKnownFileType = sourcecode.c.objc; path = AppDelegate.m; sourceTree = "<group>"; };
		4C18ADFC1F68915800F42A7E /* ViewController.h */ = {isa = PBXFileReference; lastKnownFileType = sourcecode.c.h; path = ViewController.h; sourceTree = "<group>"; };
		4C18ADFD1F68915800F42A7E /* ViewController.mm */ = {isa = PBXFileReference; lastKnownFileType = sourcecode.cpp.objcpp; path = ViewController.mm; sourceTree = "<group>"; };
		4C18AE001F68915800F42A7E /* Base */ = {isa = PBXFileReference; lastKnownFileType = file.storyboard; name = Base; path = Base.lproj/Main.storyboard; sourceTree = "<group>"; };
		4C18AE021F68915800F42A7E /* Assets.xcassets */ = {isa = PBXFileReference; lastKnownFileType = folder.assetcatalog; path = Assets.xcassets; sourceTree = "<group>"; };
		4C18AE051F68915800F42A7E /* Base */ = {isa = PBXFileReference; lastKnownFileType = file.storyboard; name = Base; path = Base.lproj/LaunchScreen.storyboard; sourceTree = "<group>"; };
		4C18AE071F68915800F42A7E /* Info.plist */ = {isa = PBXFileReference; lastKnownFileType = text.plist.xml; path = Info.plist; sourceTree = "<group>"; };
		4C18AE0D1F6891C500F42A7E /* AssetsLibrary.framework */ = {isa = PBXFileReference; lastKnownFileType = wrapper.framework; name = AssetsLibrary.framework; path = System/Library/Frameworks/AssetsLibrary.framework; sourceTree = SDKROOT; };
		4C18AE0F1F68923E00F42A7E /* OpencvTest-Prefix.pch */ = {isa = PBXFileReference; lastKnownFileType = sourcecode.c.h; path = "OpencvTest-Prefix.pch"; sourceTree = "<group>"; };
		4C18AE111F68967200F42A7E /* test1.jpg */ = {isa = PBXFileReference; lastKnownFileType = image.jpeg; path = test1.jpg; sourceTree = "<group>"; };
		4C287E841F6ED47000F81C30 /* face9.jpg */ = {isa = PBXFileReference; lastKnownFileType = image.jpeg; path = face9.jpg; sourceTree = "<group>"; };
		4C287E851F6ED47000F81C30 /* face10.jpg */ = {isa = PBXFileReference; lastKnownFileType = image.jpeg; path = face10.jpg; sourceTree = "<group>"; };
		4C287E861F6ED47000F81C30 /* face8.jpg */ = {isa = PBXFileReference; lastKnownFileType = image.jpeg; path = face8.jpg; sourceTree = "<group>"; };
		4C287E8A1F6EDC6700F81C30 /* face11.jpg */ = {isa = PBXFileReference; lastKnownFileType = image.jpeg; path = face11.jpg; sourceTree = "<group>"; };
		4C47DE5D1F6C9DA700BAF5A1 /* face1.jpg */ = {isa = PBXFileReference; lastKnownFileType = image.jpeg; path = face1.jpg; sourceTree = "<group>"; };
		4C7391151F6D813C004E58B5 /* haarcascade_frontalface_alt.xml */ = {isa = PBXFileReference; fileEncoding = 4; lastKnownFileType = text.xml; path = haarcascade_frontalface_alt.xml; sourceTree = "<group>"; };
		4C7391161F6D813C004E58B5 /* haarcascade_frontalface_alt2.xml */ = {isa = PBXFileReference; fileEncoding = 4; lastKnownFileType = text.xml; path = haarcascade_frontalface_alt2.xml; sourceTree = "<group>"; };
		4C7391171F6D813C004E58B5 /* haarcascade_frontalface_alt_tree.xml */ = {isa = PBXFileReference; fileEncoding = 4; lastKnownFileType = text.xml; path = haarcascade_frontalface_alt_tree.xml; sourceTree = "<group>"; };
		4C7391181F6D813C004E58B5 /* haarcascade_frontalface_default.xml */ = {isa = PBXFileReference; fileEncoding = 4; lastKnownFileType = text.xml; path = haarcascade_frontalface_default.xml; sourceTree = "<group>"; };
		4C7391191F6D813C004E58B5 /* haarcascade_fullbody.xml */ = {isa = PBXFileReference; fileEncoding = 4; lastKnownFileType = text.xml; path = haarcascade_fullbody.xml; sourceTree = "<group>"; };
		4C73911A1F6D813C004E58B5 /* haarcascade_lowerbody.xml */ = {isa = PBXFileReference; fileEncoding = 4; lastKnownFileType = text.xml; path = haarcascade_lowerbody.xml; sourceTree = "<group>"; };
		4C73911B1F6D813C004E58B5 /* haarcascade_profileface.xml */ = {isa = PBXFileReference; fileEncoding = 4; lastKnownFileType = text.xml; path = haarcascade_profileface.xml; sourceTree = "<group>"; };
		4C73911C1F6D813C004E58B5 /* haarcascade_upperbody.xml */ = {isa = PBXFileReference; fileEncoding = 4; lastKnownFileType = text.xml; path = haarcascade_upperbody.xml; sourceTree = "<group>"; };
		4C7391251F6D878E004E58B5 /* face5.jpg */ = {isa = PBXFileReference; lastKnownFileType = image.jpeg; path = face5.jpg; sourceTree = "<group>"; };
		4C7391261F6D878E004E58B5 /* face4.jpg */ = {isa = PBXFileReference; lastKnownFileType = image.jpeg; path = face4.jpg; sourceTree = "<group>"; };
		4C7391271F6D878E004E58B5 /* face3.jpg */ = {isa = PBXFileReference; lastKnownFileType = image.jpeg; path = face3.jpg; sourceTree = "<group>"; };
		4C7391281F6D878E004E58B5 /* face2.jpg */ = {isa = PBXFileReference; lastKnownFileType = image.jpeg; path = face2.jpg; sourceTree = "<group>"; };
		4C73912D1F6DB938004E58B5 /* face6.jpg */ = {isa = PBXFileReference; lastKnownFileType = image.jpeg; path = face6.jpg; sourceTree = "<group>"; };
		4C73912F1F6DBA08004E58B5 /* face7.jpg */ = {isa = PBXFileReference; lastKnownFileType = image.jpeg; path = face7.jpg; sourceTree = "<group>"; };
		4C7391311F6DC78C004E58B5 /* face5_hd.jpg */ = {isa = PBXFileReference; lastKnownFileType = image.jpeg; path = face5_hd.jpg; sourceTree = "<group>"; };
		4CE5E72B1F85B41800120007 /* face12.jpg */ = {isa = PBXFileReference; lastKnownFileType = image.jpeg; path = face12.jpg; sourceTree = "<group>"; };
		7C6395150378B18CF79E6859 /* Pods-OpencvTest.release.xcconfig */ = {isa = PBXFileReference; includeInIndex = 1; lastKnownFileType = text.xcconfig; name = "Pods-OpencvTest.release.xcconfig"; path = "Pods/Target Support Files/Pods-OpencvTest/Pods-OpencvTest.release.xcconfig"; sourceTree = "<group>"; };
		98A2C63EC6CCF2DF3464BD83 /* Pods-OpencvTest.debug.xcconfig */ = {isa = PBXFileReference; includeInIndex = 1; lastKnownFileType = text.xcconfig; name = "Pods-OpencvTest.debug.xcconfig"; path = "Pods/Target Support Files/Pods-OpencvTest/Pods-OpencvTest.debug.xcconfig"; sourceTree = "<group>"; };
		E8D7ADDA11606A3E860D5B93 /* libPods-OpencvTest.a */ = {isa = PBXFileReference; explicitFileType = archive.ar; includeInIndex = 0; path = "libPods-OpencvTest.a"; sourceTree = BUILT_PRODUCTS_DIR; };
/* End PBXFileReference section */

/* Begin PBXFrameworksBuildPhase section */
		4C18ADF01F68915800F42A7E /* Frameworks */ = {
			isa = PBXFrameworksBuildPhase;
			buildActionMask = 2147483647;
			files = (
				4C18AE0E1F6891C500F42A7E /* AssetsLibrary.framework in Frameworks */,
				162E67F015C0A5370F6F8487 /* libPods-OpencvTest.a in Frameworks */,
			);
			runOnlyForDeploymentPostprocessing = 0;
		};
/* End PBXFrameworksBuildPhase section */

/* Begin PBXGroup section */
		05CA3825EF97913A6DFAACBD /* Pods */ = {
			isa = PBXGroup;
			children = (
				98A2C63EC6CCF2DF3464BD83 /* Pods-OpencvTest.debug.xcconfig */,
				7C6395150378B18CF79E6859 /* Pods-OpencvTest.release.xcconfig */,
			);
			name = Pods;
			sourceTree = "<group>";
		};
		4C18ADEA1F68915800F42A7E = {
			isa = PBXGroup;
			children = (
				4C18ADF51F68915800F42A7E /* OpencvTest */,
				4C18ADF41F68915800F42A7E /* Products */,
				05CA3825EF97913A6DFAACBD /* Pods */,
				CFFA05BEFBE07D6924C0741A /* Frameworks */,
			);
			sourceTree = "<group>";
		};
		4C18ADF41F68915800F42A7E /* Products */ = {
			isa = PBXGroup;
			children = (
				4C18ADF31F68915800F42A7E /* OpencvTest.app */,
			);
			name = Products;
			sourceTree = "<group>";
		};
		4C18ADF51F68915800F42A7E /* OpencvTest */ = {
			isa = PBXGroup;
			children = (
				4C18ADF91F68915800F42A7E /* AppDelegate.h */,
				4C18ADFA1F68915800F42A7E /* AppDelegate.m */,
				4C18ADFC1F68915800F42A7E /* ViewController.h */,
				4C18ADFD1F68915800F42A7E /* ViewController.mm */,
				4C18ADFF1F68915800F42A7E /* Main.storyboard */,
				4C18AE021F68915800F42A7E /* Assets.xcassets */,
				4C18AE041F68915800F42A7E /* LaunchScreen.storyboard */,
				4C18AE071F68915800F42A7E /* Info.plist */,
				4C18ADF61F68915800F42A7E /* Supporting Files */,
			);
			path = OpencvTest;
			sourceTree = "<group>";
		};
		4C18ADF61F68915800F42A7E /* Supporting Files */ = {
			isa = PBXGroup;
			children = (
				4C7391131F6D813C004E58B5 /* Resources */,
				4C18AE101F68967200F42A7E /* Images */,
				4C18ADF71F68915800F42A7E /* main.m */,
				4C18AE0F1F68923E00F42A7E /* OpencvTest-Prefix.pch */,
			);
			name = "Supporting Files";
			sourceTree = "<group>";
		};
		4C18AE101F68967200F42A7E /* Images */ = {
			isa = PBXGroup;
			children = (
				4CE5E72B1F85B41800120007 /* face12.jpg */,
				4C287E8A1F6EDC6700F81C30 /* face11.jpg */,
				4C287E841F6ED47000F81C30 /* face9.jpg */,
				4C287E851F6ED47000F81C30 /* face10.jpg */,
				4C287E861F6ED47000F81C30 /* face8.jpg */,
				4C73912F1F6DBA08004E58B5 /* face7.jpg */,
				4C47DE5D1F6C9DA700BAF5A1 /* face1.jpg */,
				4C7391251F6D878E004E58B5 /* face5.jpg */,
				4C7391311F6DC78C004E58B5 /* face5_hd.jpg */,
				4C7391261F6D878E004E58B5 /* face4.jpg */,
				4C7391271F6D878E004E58B5 /* face3.jpg */,
				4C7391281F6D878E004E58B5 /* face2.jpg */,
				4C73912D1F6DB938004E58B5 /* face6.jpg */,
				4C18AE111F68967200F42A7E /* test1.jpg */,
			);
			path = Images;
			sourceTree = "<group>";
		};
		4C7391131F6D813C004E58B5 /* Resources */ = {
			isa = PBXGroup;
			children = (
				4C7391141F6D813C004E58B5 /* haarcascades */,
			);
			path = Resources;
			sourceTree = "<group>";
		};
		4C7391141F6D813C004E58B5 /* haarcascades */ = {
			isa = PBXGroup;
			children = (
				4C7391151F6D813C004E58B5 /* haarcascade_frontalface_alt.xml */,
				4C7391161F6D813C004E58B5 /* haarcascade_frontalface_alt2.xml */,
				4C7391171F6D813C004E58B5 /* haarcascade_frontalface_alt_tree.xml */,
				4C7391181F6D813C004E58B5 /* haarcascade_frontalface_default.xml */,
				4C7391191F6D813C004E58B5 /* haarcascade_fullbody.xml */,
				4C73911A1F6D813C004E58B5 /* haarcascade_lowerbody.xml */,
				4C73911B1F6D813C004E58B5 /* haarcascade_profileface.xml */,
				4C73911C1F6D813C004E58B5 /* haarcascade_upperbody.xml */,
			);
			path = haarcascades;
			sourceTree = "<group>";
		};
		CFFA05BEFBE07D6924C0741A /* Frameworks */ = {
			isa = PBXGroup;
			children = (
				4C18AE0D1F6891C500F42A7E /* AssetsLibrary.framework */,
				E8D7ADDA11606A3E860D5B93 /* libPods-OpencvTest.a */,
			);
			name = Frameworks;
			sourceTree = "<group>";
		};
/* End PBXGroup section */

/* Begin PBXNativeTarget section */
		4C18ADF21F68915800F42A7E /* OpencvTest */ = {
			isa = PBXNativeTarget;
			buildConfigurationList = 4C18AE0A1F68915800F42A7E /* Build configuration list for PBXNativeTarget "OpencvTest" */;
			buildPhases = (
				C4ABBBB1A0EAD390FFEB0576 /* [CP] Check Pods Manifest.lock */,
				4C18ADEF1F68915800F42A7E /* Sources */,
				4C18ADF01F68915800F42A7E /* Frameworks */,
				4C18ADF11F68915800F42A7E /* Resources */,
				DBA442CFB2EE776337E4A859 /* [CP] Embed Pods Frameworks */,
				05E880F4ED1FF433A511A397 /* [CP] Copy Pods Resources */,
			);
			buildRules = (
			);
			dependencies = (
			);
			name = OpencvTest;
			productName = OpencvTest;
			productReference = 4C18ADF31F68915800F42A7E /* OpencvTest.app */;
			productType = "com.apple.product-type.application";
		};
/* End PBXNativeTarget section */

/* Begin PBXProject section */
		4C18ADEB1F68915800F42A7E /* Project object */ = {
			isa = PBXProject;
			attributes = {
				LastUpgradeCheck = 0830;
				ORGANIZATIONNAME = "Odie Edo-Osagie";
				TargetAttributes = {
					4C18ADF21F68915800F42A7E = {
						CreatedOnToolsVersion = 8.3.3;
						DevelopmentTeam = 6RYY7Q2BG3;
						ProvisioningStyle = Automatic;
					};
				};
			};
			buildConfigurationList = 4C18ADEE1F68915800F42A7E /* Build configuration list for PBXProject "OpencvTest" */;
			compatibilityVersion = "Xcode 3.2";
			developmentRegion = English;
			hasScannedForEncodings = 0;
			knownRegions = (
				en,
				Base,
			);
			mainGroup = 4C18ADEA1F68915800F42A7E;
			productRefGroup = 4C18ADF41F68915800F42A7E /* Products */;
			projectDirPath = "";
			projectRoot = "";
			targets = (
				4C18ADF21F68915800F42A7E /* OpencvTest */,
			);
		};
/* End PBXProject section */

/* Begin PBXResourcesBuildPhase section */
		4C18ADF11F68915800F42A7E /* Resources */ = {
			isa = PBXResourcesBuildPhase;
			buildActionMask = 2147483647;
			files = (
				4C7391291F6D878E004E58B5 /* face5.jpg in Resources */,
				4C7391301F6DBA08004E58B5 /* face7.jpg in Resources */,
				4C73912C1F6D878E004E58B5 /* face2.jpg in Resources */,
				4C18AE061F68915800F42A7E /* LaunchScreen.storyboard in Resources */,
				4C73912E1F6DB938004E58B5 /* face6.jpg in Resources */,
				4C7391231F6D813C004E58B5 /* haarcascade_profileface.xml in Resources */,
				4C7391221F6D813C004E58B5 /* haarcascade_lowerbody.xml in Resources */,
				4C7391201F6D813C004E58B5 /* haarcascade_frontalface_default.xml in Resources */,
				4CE5E72C1F85B57200120007 /* face12.jpg in Resources */,
				4C287E891F6ED47000F81C30 /* face8.jpg in Resources */,
				4C73911E1F6D813C004E58B5 /* haarcascade_frontalface_alt2.xml in Resources */,
				4C287E871F6ED47000F81C30 /* face9.jpg in Resources */,
				4C18AE121F68967200F42A7E /* test1.jpg in Resources */,
				4C7391241F6D813C004E58B5 /* haarcascade_upperbody.xml in Resources */,
				4C18AE031F68915800F42A7E /* Assets.xcassets in Resources */,
				4C47DE5E1F6C9DA700BAF5A1 /* face1.jpg in Resources */,
				4C73912B1F6D878E004E58B5 /* face3.jpg in Resources */,
				4C73911D1F6D813C004E58B5 /* haarcascade_frontalface_alt.xml in Resources */,
				4C7391211F6D813C004E58B5 /* haarcascade_fullbody.xml in Resources */,
				4C73912A1F6D878E004E58B5 /* face4.jpg in Resources */,
				4C73911F1F6D813C004E58B5 /* haarcascade_frontalface_alt_tree.xml in Resources */,
				4C287E881F6ED47000F81C30 /* face10.jpg in Resources */,
				4C7391321F6DC78C004E58B5 /* face5_hd.jpg in Resources */,
				4C287E8B1F6EDC6700F81C30 /* face11.jpg in Resources */,
				4C18AE011F68915800F42A7E /* Main.storyboard in Resources */,
			);
			runOnlyForDeploymentPostprocessing = 0;
		};
/* End PBXResourcesBuildPhase section */

/* Begin PBXShellScriptBuildPhase section */
		05E880F4ED1FF433A511A397 /* [CP] Copy Pods Resources */ = {
			isa = PBXShellScriptBuildPhase;
			buildActionMask = 2147483647;
			files = (
			);
			inputPaths = (
			);
			name = "[CP] Copy Pods Resources";
			outputPaths = (
			);
			runOnlyForDeploymentPostprocessing = 0;
			shellPath = /bin/sh;
			shellScript = "\"${SRCROOT}/Pods/Target Support Files/Pods-OpencvTest/Pods-OpencvTest-resources.sh\"\n";
			showEnvVarsInLog = 0;
		};
		C4ABBBB1A0EAD390FFEB0576 /* [CP] Check Pods Manifest.lock */ = {
			isa = PBXShellScriptBuildPhase;
			buildActionMask = 2147483647;
			files = (
			);
			inputPaths = (
			);
			name = "[CP] Check Pods Manifest.lock";
			outputPaths = (
			);
			runOnlyForDeploymentPostprocessing = 0;
			shellPath = /bin/sh;
			shellScript = "diff \"${PODS_ROOT}/../Podfile.lock\" \"${PODS_ROOT}/Manifest.lock\" > /dev/null\nif [[ $? != 0 ]] ; then\n    cat << EOM\nerror: The sandbox is not in sync with the Podfile.lock. Run 'pod install' or update your CocoaPods installation.\nEOM\n    exit 1\nfi\n";
			showEnvVarsInLog = 0;
		};
		DBA442CFB2EE776337E4A859 /* [CP] Embed Pods Frameworks */ = {
			isa = PBXShellScriptBuildPhase;
			buildActionMask = 2147483647;
			files = (
			);
			inputPaths = (
			);
			name = "[CP] Embed Pods Frameworks";
			outputPaths = (
			);
			runOnlyForDeploymentPostprocessing = 0;
			shellPath = /bin/sh;
			shellScript = "\"${SRCROOT}/Pods/Target Support Files/Pods-OpencvTest/Pods-OpencvTest-frameworks.sh\"\n";
			showEnvVarsInLog = 0;
		};
/* End PBXShellScriptBuildPhase section */

/* Begin PBXSourcesBuildPhase section */
		4C18ADEF1F68915800F42A7E /* Sources */ = {
			isa = PBXSourcesBuildPhase;
			buildActionMask = 2147483647;
			files = (
				4C18ADFE1F68915800F42A7E /* ViewController.mm in Sources */,
				4C18ADFB1F68915800F42A7E /* AppDelegate.m in Sources */,
				4C18ADF81F68915800F42A7E /* main.m in Sources */,
			);
			runOnlyForDeploymentPostprocessing = 0;
		};
/* End PBXSourcesBuildPhase section */

/* Begin PBXVariantGroup section */
		4C18ADFF1F68915800F42A7E /* Main.storyboard */ = {
			isa = PBXVariantGroup;
			children = (
				4C18AE001F68915800F42A7E /* Base */,
			);
			name = Main.storyboard;
			sourceTree = "<group>";
		};
		4C18AE041F68915800F42A7E /* LaunchScreen.storyboard */ = {
			isa = PBXVariantGroup;
			children = (
				4C18AE051F68915800F42A7E /* Base */,
			);
			name = LaunchScreen.storyboard;
			sourceTree = "<group>";
		};
/* End PBXVariantGroup section */

/* Begin XCBuildConfiguration section */
		4C18AE081F68915800F42A7E /* Debug */ = {
			isa = XCBuildConfiguration;
			buildSettings = {
				ALWAYS_SEARCH_USER_PATHS = NO;
				CLANG_ANALYZER_NONNULL = YES;
				CLANG_ANALYZER_NUMBER_OBJECT_CONVERSION = YES_AGGRESSIVE;
				CLANG_CXX_LANGUAGE_STANDARD = "gnu++0x";
				CLANG_CXX_LIBRARY = "libc++";
				CLANG_ENABLE_MODULES = YES;
				CLANG_ENABLE_OBJC_ARC = YES;
				CLANG_WARN_BOOL_CONVERSION = YES;
				CLANG_WARN_CONSTANT_CONVERSION = YES;
				CLANG_WARN_DIRECT_OBJC_ISA_USAGE = YES_ERROR;
				CLANG_WARN_DOCUMENTATION_COMMENTS = YES;
				CLANG_WARN_EMPTY_BODY = YES;
				CLANG_WARN_ENUM_CONVERSION = YES;
				CLANG_WARN_INFINITE_RECURSION = YES;
				CLANG_WARN_INT_CONVERSION = YES;
				CLANG_WARN_OBJC_ROOT_CLASS = YES_ERROR;
				CLANG_WARN_SUSPICIOUS_MOVE = YES;
				CLANG_WARN_UNREACHABLE_CODE = YES;
				CLANG_WARN__DUPLICATE_METHOD_MATCH = YES;
				"CODE_SIGN_IDENTITY[sdk=iphoneos*]" = "iPhone Developer";
				COPY_PHASE_STRIP = NO;
				DEBUG_INFORMATION_FORMAT = dwarf;
				ENABLE_STRICT_OBJC_MSGSEND = YES;
				ENABLE_TESTABILITY = YES;
				GCC_C_LANGUAGE_STANDARD = gnu99;
				GCC_DYNAMIC_NO_PIC = NO;
				GCC_NO_COMMON_BLOCKS = YES;
				GCC_OPTIMIZATION_LEVEL = 0;
				GCC_PREPROCESSOR_DEFINITIONS = (
					"DEBUG=1",
					"$(inherited)",
				);
				GCC_WARN_64_TO_32_BIT_CONVERSION = YES;
				GCC_WARN_ABOUT_RETURN_TYPE = YES_ERROR;
				GCC_WARN_UNDECLARED_SELECTOR = YES;
				GCC_WARN_UNINITIALIZED_AUTOS = YES_AGGRESSIVE;
				GCC_WARN_UNUSED_FUNCTION = YES;
				GCC_WARN_UNUSED_VARIABLE = YES;
				IPHONEOS_DEPLOYMENT_TARGET = 10.3;
				MTL_ENABLE_DEBUG_INFO = YES;
				ONLY_ACTIVE_ARCH = YES;
				SDKROOT = iphoneos;
				TARGETED_DEVICE_FAMILY = "1,2";
			};
			name = Debug;
		};
		4C18AE091F68915800F42A7E /* Release */ = {
			isa = XCBuildConfiguration;
			buildSettings = {
				ALWAYS_SEARCH_USER_PATHS = NO;
				CLANG_ANALYZER_NONNULL = YES;
				CLANG_ANALYZER_NUMBER_OBJECT_CONVERSION = YES_AGGRESSIVE;
				CLANG_CXX_LANGUAGE_STANDARD = "gnu++0x";
				CLANG_CXX_LIBRARY = "libc++";
				CLANG_ENABLE_MODULES = YES;
				CLANG_ENABLE_OBJC_ARC = YES;
				CLANG_WARN_BOOL_CONVERSION = YES;
				CLANG_WARN_CONSTANT_CONVERSION = YES;
				CLANG_WARN_DIRECT_OBJC_ISA_USAGE = YES_ERROR;
				CLANG_WARN_DOCUMENTATION_COMMENTS = YES;
				CLANG_WARN_EMPTY_BODY = YES;
				CLANG_WARN_ENUM_CONVERSION = YES;
				CLANG_WARN_INFINITE_RECURSION = YES;
				CLANG_WARN_INT_CONVERSION = YES;
				CLANG_WARN_OBJC_ROOT_CLASS = YES_ERROR;
				CLANG_WARN_SUSPICIOUS_MOVE = YES;
				CLANG_WARN_UNREACHABLE_CODE = YES;
				CLANG_WARN__DUPLICATE_METHOD_MATCH = YES;
				"CODE_SIGN_IDENTITY[sdk=iphoneos*]" = "iPhone Developer";
				COPY_PHASE_STRIP = NO;
				DEBUG_INFORMATION_FORMAT = "dwarf-with-dsym";
				ENABLE_NS_ASSERTIONS = NO;
				ENABLE_STRICT_OBJC_MSGSEND = YES;
				GCC_C_LANGUAGE_STANDARD = gnu99;
				GCC_NO_COMMON_BLOCKS = YES;
				GCC_WARN_64_TO_32_BIT_CONVERSION = YES;
				GCC_WARN_ABOUT_RETURN_TYPE = YES_ERROR;
				GCC_WARN_UNDECLARED_SELECTOR = YES;
				GCC_WARN_UNINITIALIZED_AUTOS = YES_AGGRESSIVE;
				GCC_WARN_UNUSED_FUNCTION = YES;
				GCC_WARN_UNUSED_VARIABLE = YES;
				IPHONEOS_DEPLOYMENT_TARGET = 10.3;
				MTL_ENABLE_DEBUG_INFO = NO;
				SDKROOT = iphoneos;
				TARGETED_DEVICE_FAMILY = "1,2";
				VALIDATE_PRODUCT = YES;
			};
			name = Release;
		};
		4C18AE0B1F68915800F42A7E /* Debug */ = {
			isa = XCBuildConfiguration;
			baseConfigurationReference = 98A2C63EC6CCF2DF3464BD83 /* Pods-OpencvTest.debug.xcconfig */;
			buildSettings = {
				ASSETCATALOG_COMPILER_APPICON_NAME = AppIcon;
				DEVELOPMENT_TEAM = 6RYY7Q2BG3;
				GCC_PRECOMPILE_PREFIX_HEADER = YES;
				GCC_PREFIX_HEADER = "$(SRCROOT)/OpencvTest/OpencvTest-Prefix.pch";
				INFOPLIST_FILE = OpencvTest/Info.plist;
				IPHONEOS_DEPLOYMENT_TARGET = 10.0;
				LD_RUNPATH_SEARCH_PATHS = "$(inherited) @executable_path/Frameworks";
				PRODUCT_BUNDLE_IDENTIFIER = com.odie.OpencvTest;
				PRODUCT_NAME = "$(TARGET_NAME)";
			};
			name = Debug;
		};
		4C18AE0C1F68915800F42A7E /* Release */ = {
			isa = XCBuildConfiguration;
			baseConfigurationReference = 7C6395150378B18CF79E6859 /* Pods-OpencvTest.release.xcconfig */;
			buildSettings = {
				ASSETCATALOG_COMPILER_APPICON_NAME = AppIcon;
				DEVELOPMENT_TEAM = 6RYY7Q2BG3;
				GCC_PRECOMPILE_PREFIX_HEADER = YES;
				GCC_PREFIX_HEADER = "$(SRCROOT)/OpencvTest/OpencvTest-Prefix.pch";
				INFOPLIST_FILE = OpencvTest/Info.plist;
				IPHONEOS_DEPLOYMENT_TARGET = 10.0;
				LD_RUNPATH_SEARCH_PATHS = "$(inherited) @executable_path/Frameworks";
				PRODUCT_BUNDLE_IDENTIFIER = com.odie.OpencvTest;
				PRODUCT_NAME = "$(TARGET_NAME)";
			};
			name = Release;
		};
/* End XCBuildConfiguration section */

/* Begin XCConfigurationList section */
		4C18ADEE1F68915800F42A7E /* Build configuration list for PBXProject "OpencvTest" */ = {
			isa = XCConfigurationList;
			buildConfigurations = (
				4C18AE081F68915800F42A7E /* Debug */,
				4C18AE091F68915800F42A7E /* Release */,
			);
			defaultConfigurationIsVisible = 0;
			defaultConfigurationName = Release;
		};
		4C18AE0A1F68915800F42A7E /* Build configuration list for PBXNativeTarget "OpencvTest" */ = {
			isa = XCConfigurationList;
			buildConfigurations = (
				4C18AE0B1F68915800F42A7E /* Debug */,
				4C18AE0C1F68915800F42A7E /* Release */,
			);
			defaultConfigurationIsVisible = 0;
			defaultConfigurationName = Release;
		};
/* End XCConfigurationList section */
	};
	rootObject = 4C18ADEB1F68915800F42A7E /* Project object */;
}
